// !$*UTF8*$!
{
	archiveVersion = 1;
	classes = {
	};
	objectVersion = 46;
	objects = {

/* Begin PBXBuildFile section */
		9432B3F218D3627B00442E0A /* Foundation.framework in Frameworks */ = {isa = PBXBuildFile; fileRef = 9432B3F118D3627B00442E0A /* Foundation.framework */; };
		9432B3F418D3627B00442E0A /* CoreGraphics.framework in Frameworks */ = {isa = PBXBuildFile; fileRef = 9432B3F318D3627B00442E0A /* CoreGraphics.framework */; };
		9432B3F618D3627B00442E0A /* UIKit.framework in Frameworks */ = {isa = PBXBuildFile; fileRef = 9432B3F518D3627B00442E0A /* UIKit.framework */; };
		9432B3FC18D3627B00442E0A /* InfoPlist.strings in Resources */ = {isa = PBXBuildFile; fileRef = 9432B3FA18D3627B00442E0A /* InfoPlist.strings */; };
		9432B3FE18D3627B00442E0A /* main.m in Sources */ = {isa = PBXBuildFile; fileRef = 9432B3FD18D3627B00442E0A /* main.m */; };
		9432B40218D3627B00442E0A /* AppDelegate.m in Sources */ = {isa = PBXBuildFile; fileRef = 9432B40118D3627B00442E0A /* AppDelegate.m */; };
		9432B40518D3627B00442E0A /* Main.storyboard in Resources */ = {isa = PBXBuildFile; fileRef = 9432B40318D3627B00442E0A /* Main.storyboard */; };
		9432B40D18D3627C00442E0A /* Images.xcassets in Resources */ = {isa = PBXBuildFile; fileRef = 9432B40C18D3627C00442E0A /* Images.xcassets */; };
		9432B41418D3627C00442E0A /* XCTest.framework in Frameworks */ = {isa = PBXBuildFile; fileRef = 9432B41318D3627C00442E0A /* XCTest.framework */; };
		9432B41518D3627C00442E0A /* Foundation.framework in Frameworks */ = {isa = PBXBuildFile; fileRef = 9432B3F118D3627B00442E0A /* Foundation.framework */; };
		9432B41618D3627C00442E0A /* UIKit.framework in Frameworks */ = {isa = PBXBuildFile; fileRef = 9432B3F518D3627B00442E0A /* UIKit.framework */; };
		9432B41E18D3627C00442E0A /* InfoPlist.strings in Resources */ = {isa = PBXBuildFile; fileRef = 9432B41C18D3627C00442E0A /* InfoPlist.strings */; };
		9432B42018D3627C00442E0A /* tonightappTests.m in Sources */ = {isa = PBXBuildFile; fileRef = 9432B41F18D3627C00442E0A /* tonightappTests.m */; };
		9432B42C18D3630600442E0A /* LoginViewController.m in Sources */ = {isa = PBXBuildFile; fileRef = 9432B42B18D3630600442E0A /* LoginViewController.m */; };
		9432B42D18D3630600442E0A /* LoginViewController.m in Sources */ = {isa = PBXBuildFile; fileRef = 9432B42B18D3630600442E0A /* LoginViewController.m */; };
		9432B43018D3631500442E0A /* RegisterViewController.m in Sources */ = {isa = PBXBuildFile; fileRef = 9432B42F18D3631500442E0A /* RegisterViewController.m */; };
		9432B43118D3631500442E0A /* RegisterViewController.m in Sources */ = {isa = PBXBuildFile; fileRef = 9432B42F18D3631500442E0A /* RegisterViewController.m */; };
/* End PBXBuildFile section */

/* Begin PBXContainerItemProxy section */
		9432B41718D3627C00442E0A /* PBXContainerItemProxy */ = {
			isa = PBXContainerItemProxy;
			containerPortal = 9432B3E618D3627B00442E0A /* Project object */;
			proxyType = 1;
			remoteGlobalIDString = 9432B3ED18D3627B00442E0A;
			remoteInfo = tonightapp;
		};
/* End PBXContainerItemProxy section */

/* Begin PBXFileReference section */
		9432B3EE18D3627B00442E0A /* tonightapp.app */ = {isa = PBXFileReference; explicitFileType = wrapper.application; includeInIndex = 0; path = tonightapp.app; sourceTree = BUILT_PRODUCTS_DIR; };
		9432B3F118D3627B00442E0A /* Foundation.framework */ = {isa = PBXFileReference; lastKnownFileType = wrapper.framework; name = Foundation.framework; path = System/Library/Frameworks/Foundation.framework; sourceTree = SDKROOT; };
		9432B3F318D3627B00442E0A /* CoreGraphics.framework */ = {isa = PBXFileReference; lastKnownFileType = wrapper.framework; name = CoreGraphics.framework; path = System/Library/Frameworks/CoreGraphics.framework; sourceTree = SDKROOT; };
		9432B3F518D3627B00442E0A /* UIKit.framework */ = {isa = PBXFileReference; lastKnownFileType = wrapper.framework; name = UIKit.framework; path = System/Library/Frameworks/UIKit.framework; sourceTree = SDKROOT; };
		9432B3F918D3627B00442E0A /* tonightapp-Info.plist */ = {isa = PBXFileReference; lastKnownFileType = text.plist.xml; path = "tonightapp-Info.plist"; sourceTree = "<group>"; };
		9432B3FB18D3627B00442E0A /* en */ = {isa = PBXFileReference; lastKnownFileType = text.plist.strings; name = en; path = en.lproj/InfoPlist.strings; sourceTree = "<group>"; };
		9432B3FD18D3627B00442E0A /* main.m */ = {isa = PBXFileReference; lastKnownFileType = sourcecode.c.objc; path = main.m; sourceTree = "<group>"; };
		9432B3FF18D3627B00442E0A /* tonightapp-Prefix.pch */ = {isa = PBXFileReference; lastKnownFileType = sourcecode.c.h; path = "tonightapp-Prefix.pch"; sourceTree = "<group>"; };
		9432B40018D3627B00442E0A /* AppDelegate.h */ = {isa = PBXFileReference; lastKnownFileType = sourcecode.c.h; path = AppDelegate.h; sourceTree = "<group>"; };
		9432B40118D3627B00442E0A /* AppDelegate.m */ = {isa = PBXFileReference; lastKnownFileType = sourcecode.c.objc; path = AppDelegate.m; sourceTree = "<group>"; };
		9432B40418D3627B00442E0A /* Base */ = {isa = PBXFileReference; lastKnownFileType = file.storyboard; name = Base; path = Base.lproj/Main.storyboard; sourceTree = "<group>"; };
		9432B40C18D3627C00442E0A /* Images.xcassets */ = {isa = PBXFileReference; lastKnownFileType = folder.assetcatalog; path = Images.xcassets; sourceTree = "<group>"; };
		9432B41218D3627C00442E0A /* tonightappTests.xctest */ = {isa = PBXFileReference; explicitFileType = wrapper.cfbundle; includeInIndex = 0; path = tonightappTests.xctest; sourceTree = BUILT_PRODUCTS_DIR; };
		9432B41318D3627C00442E0A /* XCTest.framework */ = {isa = PBXFileReference; lastKnownFileType = wrapper.framework; name = XCTest.framework; path = Library/Frameworks/XCTest.framework; sourceTree = DEVELOPER_DIR; };
		9432B41B18D3627C00442E0A /* tonightappTests-Info.plist */ = {isa = PBXFileReference; lastKnownFileType = text.plist.xml; path = "tonightappTests-Info.plist"; sourceTree = "<group>"; };
		9432B41D18D3627C00442E0A /* en */ = {isa = PBXFileReference; lastKnownFileType = text.plist.strings; name = en; path = en.lproj/InfoPlist.strings; sourceTree = "<group>"; };
		9432B41F18D3627C00442E0A /* tonightappTests.m */ = {isa = PBXFileReference; lastKnownFileType = sourcecode.c.objc; path = tonightappTests.m; sourceTree = "<group>"; };
		9432B42A18D3630600442E0A /* LoginViewController.h */ = {isa = PBXFileReference; fileEncoding = 4; lastKnownFileType = sourcecode.c.h; path = LoginViewController.h; sourceTree = "<group>"; };
		9432B42B18D3630600442E0A /* LoginViewController.m */ = {isa = PBXFileReference; fileEncoding = 4; lastKnownFileType = sourcecode.c.objc; path = LoginViewController.m; sourceTree = "<group>"; };
		9432B42E18D3631500442E0A /* RegisterViewController.h */ = {isa = PBXFileReference; fileEncoding = 4; lastKnownFileType = sourcecode.c.h; path = RegisterViewController.h; sourceTree = "<group>"; };
		9432B42F18D3631500442E0A /* RegisterViewController.m */ = {isa = PBXFileReference; fileEncoding = 4; lastKnownFileType = sourcecode.c.objc; path = RegisterViewController.m; sourceTree = "<group>"; };
/* End PBXFileReference section */

/* Begin PBXFrameworksBuildPhase section */
		9432B3EB18D3627B00442E0A /* Frameworks */ = {
			isa = PBXFrameworksBuildPhase;
			buildActionMask = 2147483647;
			files = (
				9432B3F418D3627B00442E0A /* CoreGraphics.framework in Frameworks */,
				9432B3F618D3627B00442E0A /* UIKit.framework in Frameworks */,
				9432B3F218D3627B00442E0A /* Foundation.framework in Frameworks */,
			);
			runOnlyForDeploymentPostprocessing = 0;
		};
		9432B40F18D3627C00442E0A /* Frameworks */ = {
			isa = PBXFrameworksBuildPhase;
			buildActionMask = 2147483647;
			files = (
				9432B41418D3627C00442E0A /* XCTest.framework in Frameworks */,
				9432B41618D3627C00442E0A /* UIKit.framework in Frameworks */,
				9432B41518D3627C00442E0A /* Foundation.framework in Frameworks */,
			);
			runOnlyForDeploymentPostprocessing = 0;
		};
/* End PBXFrameworksBuildPhase section */

/* Begin PBXGroup section */
		9432B3E518D3627B00442E0A = {
			isa = PBXGroup;
			children = (
				9432B3F718D3627B00442E0A /* tonightapp */,
				9432B41918D3627C00442E0A /* tonightappTests */,
				9432B3F018D3627B00442E0A /* Frameworks */,
				9432B3EF18D3627B00442E0A /* Products */,
			);
			sourceTree = "<group>";
		};
		9432B3EF18D3627B00442E0A /* Products */ = {
			isa = PBXGroup;
			children = (
				9432B3EE18D3627B00442E0A /* tonightapp.app */,
				9432B41218D3627C00442E0A /* tonightappTests.xctest */,
			);
			name = Products;
			sourceTree = "<group>";
		};
		9432B3F018D3627B00442E0A /* Frameworks */ = {
			isa = PBXGroup;
			children = (
				9432B3F118D3627B00442E0A /* Foundation.framework */,
				9432B3F318D3627B00442E0A /* CoreGraphics.framework */,
				9432B3F518D3627B00442E0A /* UIKit.framework */,
				9432B41318D3627C00442E0A /* XCTest.framework */,
			);
			name = Frameworks;
			sourceTree = "<group>";
		};
		9432B3F718D3627B00442E0A /* tonightapp */ = {
			isa = PBXGroup;
			children = (
				9432B42918D362E400442E0A /* Login/Register Controllers */,
				9432B40018D3627B00442E0A /* AppDelegate.h */,
				9432B40118D3627B00442E0A /* AppDelegate.m */,
				9432B40318D3627B00442E0A /* Main.storyboard */,
				9432B40C18D3627C00442E0A /* Images.xcassets */,
				9432B3F818D3627B00442E0A /* Supporting Files */,
			);
			path = tonightapp;
			sourceTree = "<group>";
		};
		9432B3F818D3627B00442E0A /* Supporting Files */ = {
			isa = PBXGroup;
			children = (
				9432B3F918D3627B00442E0A /* tonightapp-Info.plist */,
				9432B3FA18D3627B00442E0A /* InfoPlist.strings */,
				9432B3FD18D3627B00442E0A /* main.m */,
				9432B3FF18D3627B00442E0A /* tonightapp-Prefix.pch */,
			);
			name = "Supporting Files";
			sourceTree = "<group>";
		};
		9432B41918D3627C00442E0A /* tonightappTests */ = {
			isa = PBXGroup;
			children = (
				9432B41F18D3627C00442E0A /* tonightappTests.m */,
				9432B41A18D3627C00442E0A /* Supporting Files */,
			);
			path = tonightappTests;
			sourceTree = "<group>";
		};
		9432B41A18D3627C00442E0A /* Supporting Files */ = {
			isa = PBXGroup;
			children = (
				9432B41B18D3627C00442E0A /* tonightappTests-Info.plist */,
				9432B41C18D3627C00442E0A /* InfoPlist.strings */,
			);
			name = "Supporting Files";
			sourceTree = "<group>";
		};
		9432B42918D362E400442E0A /* Login/Register Controllers */ = {
			isa = PBXGroup;
			children = (
				9432B42A18D3630600442E0A /* LoginViewController.h */,
				9432B42B18D3630600442E0A /* LoginViewController.m */,
				9432B42E18D3631500442E0A /* RegisterViewController.h */,
				9432B42F18D3631500442E0A /* RegisterViewController.m */,
			);
			name = "Login/Register Controllers";
			sourceTree = "<group>";
		};
/* End PBXGroup section */

/* Begin PBXNativeTarget section */
		9432B3ED18D3627B00442E0A /* tonightapp */ = {
			isa = PBXNativeTarget;
			buildConfigurationList = 9432B42318D3627C00442E0A /* Build configuration list for PBXNativeTarget "tonightapp" */;
			buildPhases = (
				9432B3EA18D3627B00442E0A /* Sources */,
				9432B3EB18D3627B00442E0A /* Frameworks */,
				9432B3EC18D3627B00442E0A /* Resources */,
			);
			buildRules = (
			);
			dependencies = (
			);
			name = tonightapp;
			productName = tonightapp;
			productReference = 9432B3EE18D3627B00442E0A /* tonightapp.app */;
			productType = "com.apple.product-type.application";
		};
		9432B41118D3627C00442E0A /* tonightappTests */ = {
			isa = PBXNativeTarget;
			buildConfigurationList = 9432B42618D3627C00442E0A /* Build configuration list for PBXNativeTarget "tonightappTests" */;
			buildPhases = (
				9432B40E18D3627C00442E0A /* Sources */,
				9432B40F18D3627C00442E0A /* Frameworks */,
				9432B41018D3627C00442E0A /* Resources */,
			);
			buildRules = (
			);
			dependencies = (
				9432B41818D3627C00442E0A /* PBXTargetDependency */,
			);
			name = tonightappTests;
			productName = tonightappTests;
			productReference = 9432B41218D3627C00442E0A /* tonightappTests.xctest */;
			productType = "com.apple.product-type.bundle.unit-test";
		};
/* End PBXNativeTarget section */

/* Begin PBXProject section */
		9432B3E618D3627B00442E0A /* Project object */ = {
			isa = PBXProject;
			attributes = {
				LastUpgradeCheck = 0510;
				ORGANIZATIONNAME = "Ryan Clarke";
				TargetAttributes = {
					9432B41118D3627C00442E0A = {
						TestTargetID = 9432B3ED18D3627B00442E0A;
					};
				};
			};
			buildConfigurationList = 9432B3E918D3627B00442E0A /* Build configuration list for PBXProject "tonightapp" */;
			compatibilityVersion = "Xcode 3.2";
			developmentRegion = English;
			hasScannedForEncodings = 0;
			knownRegions = (
				en,
				Base,
			);
			mainGroup = 9432B3E518D3627B00442E0A;
			productRefGroup = 9432B3EF18D3627B00442E0A /* Products */;
			projectDirPath = "";
			projectRoot = "";
			targets = (
				9432B3ED18D3627B00442E0A /* tonightapp */,
				9432B41118D3627C00442E0A /* tonightappTests */,
			);
		};
/* End PBXProject section */

/* Begin PBXResourcesBuildPhase section */
		9432B3EC18D3627B00442E0A /* Resources */ = {
			isa = PBXResourcesBuildPhase;
			buildActionMask = 2147483647;
			files = (
				9432B40D18D3627C00442E0A /* Images.xcassets in Resources */,
				9432B3FC18D3627B00442E0A /* InfoPlist.strings in Resources */,
				9432B40518D3627B00442E0A /* Main.storyboard in Resources */,
			);
			runOnlyForDeploymentPostprocessing = 0;
		};
		9432B41018D3627C00442E0A /* Resources */ = {
			isa = PBXResourcesBuildPhase;
			buildActionMask = 2147483647;
			files = (
				9432B41E18D3627C00442E0A /* InfoPlist.strings in Resources */,
			);
			runOnlyForDeploymentPostprocessing = 0;
		};
/* End PBXResourcesBuildPhase section */

/* Begin PBXSourcesBuildPhase section */
		9432B3EA18D3627B00442E0A /* Sources */ = {
			isa = PBXSourcesBuildPhase;
			buildActionMask = 2147483647;
			files = (
				9432B40218D3627B00442E0A /* AppDelegate.m in Sources */,
				9432B3FE18D3627B00442E0A /* main.m in Sources */,
				9432B42C18D3630600442E0A /* LoginViewController.m in Sources */,
				9432B43018D3631500442E0A /* RegisterViewController.m in Sources */,
			);
			runOnlyForDeploymentPostprocessing = 0;
		};
		9432B40E18D3627C00442E0A /* Sources */ = {
			isa = PBXSourcesBuildPhase;
			buildActionMask = 2147483647;
			files = (
				9432B42D18D3630600442E0A /* LoginViewController.m in Sources */,
				9432B43118D3631500442E0A /* RegisterViewController.m in Sources */,
				9432B42018D3627C00442E0A /* tonightappTests.m in Sources */,
			);
			runOnlyForDeploymentPostprocessing = 0;
		};
/* End PBXSourcesBuildPhase section */

/* Begin PBXTargetDependency section */
		9432B41818D3627C00442E0A /* PBXTargetDependency */ = {
			isa = PBXTargetDependency;
			target = 9432B3ED18D3627B00442E0A /* tonightapp */;
			targetProxy = 9432B41718D3627C00442E0A /* PBXContainerItemProxy */;
		};
/* End PBXTargetDependency section */

/* Begin PBXVariantGroup section */
		9432B3FA18D3627B00442E0A /* InfoPlist.strings */ = {
			isa = PBXVariantGroup;
			children = (
				9432B3FB18D3627B00442E0A /* en */,
			);
			name = InfoPlist.strings;
			sourceTree = "<group>";
		};
		9432B40318D3627B00442E0A /* Main.storyboard */ = {
			isa = PBXVariantGroup;
			children = (
				9432B40418D3627B00442E0A /* Base */,
			);
			name = Main.storyboard;
			sourceTree = "<group>";
		};
		9432B41C18D3627C00442E0A /* InfoPlist.strings */ = {
			isa = PBXVariantGroup;
			children = (
				9432B41D18D3627C00442E0A /* en */,
			);
			name = InfoPlist.strings;
			sourceTree = "<group>";
		};
/* End PBXVariantGroup section */

/* Begin XCBuildConfiguration section */
		9432B42118D3627C00442E0A /* Debug */ = {
			isa = XCBuildConfiguration;
			buildSettings = {
				ALWAYS_SEARCH_USER_PATHS = NO;
				CLANG_CXX_LANGUAGE_STANDARD = "gnu++0x";
				CLANG_CXX_LIBRARY = "libc++";
				CLANG_ENABLE_MODULES = YES;
				CLANG_ENABLE_OBJC_ARC = YES;
				CLANG_WARN_BOOL_CONVERSION = YES;
				CLANG_WARN_CONSTANT_CONVERSION = YES;
				CLANG_WARN_DIRECT_OBJC_ISA_USAGE = YES_ERROR;
				CLANG_WARN_EMPTY_BODY = YES;
				CLANG_WARN_ENUM_CONVERSION = YES;
				CLANG_WARN_INT_CONVERSION = YES;
				CLANG_WARN_OBJC_ROOT_CLASS = YES_ERROR;
				CLANG_WARN__DUPLICATE_METHOD_MATCH = YES;
				"CODE_SIGN_IDENTITY[sdk=iphoneos*]" = "iPhone Developer";
				COPY_PHASE_STRIP = NO;
				GCC_C_LANGUAGE_STANDARD = gnu99;
				GCC_DYNAMIC_NO_PIC = NO;
				GCC_OPTIMIZATION_LEVEL = 0;
				GCC_PREPROCESSOR_DEFINITIONS = (
					"DEBUG=1",
					"$(inherited)",
				);
				GCC_SYMBOLS_PRIVATE_EXTERN = NO;
				GCC_WARN_64_TO_32_BIT_CONVERSION = YES;
				GCC_WARN_ABOUT_RETURN_TYPE = YES_ERROR;
				GCC_WARN_UNDECLARED_SELECTOR = YES;
				GCC_WARN_UNINITIALIZED_AUTOS = YES_AGGRESSIVE;
				GCC_WARN_UNUSED_FUNCTION = YES;
				GCC_WARN_UNUSED_VARIABLE = YES;
				IPHONEOS_DEPLOYMENT_TARGET = 7.1;
				ONLY_ACTIVE_ARCH = YES;
				SDKROOT = iphoneos;
			};
			name = Debug;
		};
		9432B42218D3627C00442E0A /* Release */ = {
			isa = XCBuildConfiguration;
			buildSettings = {
				ALWAYS_SEARCH_USER_PATHS = NO;
				CLANG_CXX_LANGUAGE_STANDARD = "gnu++0x";
				CLANG_CXX_LIBRARY = "libc++";
				CLANG_ENABLE_MODULES = YES;
				CLANG_ENABLE_OBJC_ARC = YES;
				CLANG_WARN_BOOL_CONVERSION = YES;
				CLANG_WARN_CONSTANT_CONVERSION = YES;
				CLANG_WARN_DIRECT_OBJC_ISA_USAGE = YES_ERROR;
				CLANG_WARN_EMPTY_BODY = YES;
				CLANG_WARN_ENUM_CONVERSION = YES;
				CLANG_WARN_INT_CONVERSION = YES;
				CLANG_WARN_OBJC_ROOT_CLASS = YES_ERROR;
				CLANG_WARN__DUPLICATE_METHOD_MATCH = YES;
				"CODE_SIGN_IDENTITY[sdk=iphoneos*]" = "iPhone Developer";
				COPY_PHASE_STRIP = YES;
				ENABLE_NS_ASSERTIONS = NO;
				GCC_C_LANGUAGE_STANDARD = gnu99;
				GCC_WARN_64_TO_32_BIT_CONVERSION = YES;
				GCC_WARN_ABOUT_RETURN_TYPE = YES_ERROR;
				GCC_WARN_UNDECLARED_SELECTOR = YES;
				GCC_WARN_UNINITIALIZED_AUTOS = YES_AGGRESSIVE;
				GCC_WARN_UNUSED_FUNCTION = YES;
				GCC_WARN_UNUSED_VARIABLE = YES;
				IPHONEOS_DEPLOYMENT_TARGET = 7.1;
				SDKROOT = iphoneos;
				VALIDATE_PRODUCT = YES;
			};
			name = Release;
		};
		9432B42418D3627C00442E0A /* Debug */ = {
			isa = XCBuildConfiguration;
			buildSettings = {
				ASSETCATALOG_COMPILER_APPICON_NAME = AppIcon;
				ASSETCATALOG_COMPILER_LAUNCHIMAGE_NAME = LaunchImage;
				GCC_PRECOMPILE_PREFIX_HEADER = YES;
				GCC_PREFIX_HEADER = "tonightapp/tonightapp-Prefix.pch";
				INFOPLIST_FILE = "tonightapp/tonightapp-Info.plist";
				PRODUCT_NAME = "$(TARGET_NAME)";
				WRAPPER_EXTENSION = app;
			};
			name = Debug;
		};
		9432B42518D3627C00442E0A /* Release */ = {
			isa = XCBuildConfiguration;
			buildSettings = {
				ASSETCATALOG_COMPILER_APPICON_NAME = AppIcon;
				ASSETCATALOG_COMPILER_LAUNCHIMAGE_NAME = LaunchImage;
				GCC_PRECOMPILE_PREFIX_HEADER = YES;
				GCC_PREFIX_HEADER = "tonightapp/tonightapp-Prefix.pch";
				INFOPLIST_FILE = "tonightapp/tonightapp-Info.plist";
				PRODUCT_NAME = "$(TARGET_NAME)";
				WRAPPER_EXTENSION = app;
			};
			name = Release;
		};
		9432B42718D3627C00442E0A /* Debug */ = {
			isa = XCBuildConfiguration;
			buildSettings = {
				BUNDLE_LOADER = "$(BUILT_PRODUCTS_DIR)/tonightapp.app/tonightapp";
				FRAMEWORK_SEARCH_PATHS = (
					"$(SDKROOT)/Developer/Library/Frameworks",
					"$(inherited)",
					"$(DEVELOPER_FRAMEWORKS_DIR)",
				);
				GCC_PRECOMPILE_PREFIX_HEADER = YES;
				GCC_PREFIX_HEADER = "tonightapp/tonightapp-Prefix.pch";
				GCC_PREPROCESSOR_DEFINITIONS = (
					"DEBUG=1",
					"$(inherited)",
				);
				INFOPLIST_FILE = "tonightappTests/tonightappTests-Info.plist";
				PRODUCT_NAME = "$(TARGET_NAME)";
				TEST_HOST = "$(BUNDLE_LOADER)";
				WRAPPER_EXTENSION = xctest;
			};
			name = Debug;
		};
		9432B42818D3627C00442E0A /* Release */ = {
			isa = XCBuildConfiguration;
			buildSettings = {
				BUNDLE_LOADER = "$(BUILT_PRODUCTS_DIR)/tonightapp.app/tonightapp";
				FRAMEWORK_SEARCH_PATHS = (
					"$(SDKROOT)/Developer/Library/Frameworks",
					"$(inherited)",
					"$(DEVELOPER_FRAMEWORKS_DIR)",
				);
				GCC_PRECOMPILE_PREFIX_HEADER = YES;
				GCC_PREFIX_HEADER = "tonightapp/tonightapp-Prefix.pch";
				INFOPLIST_FILE = "tonightappTests/tonightappTests-Info.plist";
				PRODUCT_NAME = "$(TARGET_NAME)";
				TEST_HOST = "$(BUNDLE_LOADER)";
				WRAPPER_EXTENSION = xctest;
			};
			name = Release;
		};
/* End XCBuildConfiguration section */

/* Begin XCConfigurationList section */
		9432B3E918D3627B00442E0A /* Build configuration list for PBXProject "tonightapp" */ = {
			isa = XCConfigurationList;
			buildConfigurations = (
				9432B42118D3627C00442E0A /* Debug */,
				9432B42218D3627C00442E0A /* Release */,
			);
			defaultConfigurationIsVisible = 0;
			defaultConfigurationName = Release;
		};
		9432B42318D3627C00442E0A /* Build configuration list for PBXNativeTarget "tonightapp" */ = {
			isa = XCConfigurationList;
			buildConfigurations = (
				9432B42418D3627C00442E0A /* Debug */,
				9432B42518D3627C00442E0A /* Release */,
			);
			defaultConfigurationIsVisible = 0;
		};
		9432B42618D3627C00442E0A /* Build configuration list for PBXNativeTarget "tonightappTests" */ = {
			isa = XCConfigurationList;
			buildConfigurations = (
				9432B42718D3627C00442E0A /* Debug */,
				9432B42818D3627C00442E0A /* Release */,
			);
			defaultConfigurationIsVisible = 0;
		};
/* End XCConfigurationList section */
	};
	rootObject = 9432B3E618D3627B00442E0A /* Project object */;
}
