// !$*UTF8*$!
{
	archiveVersion = 1;
	classes = {
	};
	objectVersion = 46;
	objects = {

/* Begin PBXBuildFile section */
		9405EDA918C76D5C0031CA28 /* Security.framework in Frameworks */ = {isa = PBXBuildFile; fileRef = 9405EDA818C76D5C0031CA28 /* Security.framework */; };
		9405EDB218C799A10031CA28 /* MyProfileViewController.m in Sources */ = {isa = PBXBuildFile; fileRef = 9405EDB118C799A10031CA28 /* MyProfileViewController.m */; };
		9405EDB818C799FF0031CA28 /* DiscoverTableViewController.m in Sources */ = {isa = PBXBuildFile; fileRef = 9405EDB718C799FF0031CA28 /* DiscoverTableViewController.m */; };
		9405EDBB18C7A4CF0031CA28 /* IndivEventViewController.m in Sources */ = {isa = PBXBuildFile; fileRef = 9405EDBA18C7A4CF0031CA28 /* IndivEventViewController.m */; };
		9405EDBE18C7C6200031CA28 /* Event.m in Sources */ = {isa = PBXBuildFile; fileRef = 9405EDBD18C7C6200031CA28 /* Event.m */; };
		940D5E94191B8EC100D543E9 /* Map_Path@2x.png in Resources */ = {isa = PBXBuildFile; fileRef = 940D5E93191B8EC100D543E9 /* Map_Path@2x.png */; };
		941556C118E9B48F00716B45 /* Venue.m in Sources */ = {isa = PBXBuildFile; fileRef = 941556C018E9B48F00716B45 /* Venue.m */; };
		941556C618EA219D00716B45 /* User.m in Sources */ = {isa = PBXBuildFile; fileRef = 941556C518EA219D00716B45 /* User.m */; };
		9441A2BB18D9B9EE0023B124 /* EventFeedTableViewCell.m in Sources */ = {isa = PBXBuildFile; fileRef = 9441A2BA18D9B9EE0023B124 /* EventFeedTableViewCell.m */; };
		9441A2BC18D9B9EE0023B124 /* EventFeedTableViewCell.m in Sources */ = {isa = PBXBuildFile; fileRef = 9441A2BA18D9B9EE0023B124 /* EventFeedTableViewCell.m */; };
		945D14EB18CF8E0B0069C416 /* Crashlytics.framework in Frameworks */ = {isa = PBXBuildFile; fileRef = 945D14EA18CF8E0B0069C416 /* Crashlytics.framework */; };
		945D591918C7321F0061B80F /* Foundation.framework in Frameworks */ = {isa = PBXBuildFile; fileRef = 945D591818C7321F0061B80F /* Foundation.framework */; };
		945D591B18C7321F0061B80F /* CoreGraphics.framework in Frameworks */ = {isa = PBXBuildFile; fileRef = 945D591A18C7321F0061B80F /* CoreGraphics.framework */; };
		945D591D18C7321F0061B80F /* UIKit.framework in Frameworks */ = {isa = PBXBuildFile; fileRef = 945D591C18C7321F0061B80F /* UIKit.framework */; };
		945D592318C732200061B80F /* InfoPlist.strings in Resources */ = {isa = PBXBuildFile; fileRef = 945D592118C732200061B80F /* InfoPlist.strings */; };
		945D592518C732200061B80F /* main.m in Sources */ = {isa = PBXBuildFile; fileRef = 945D592418C732200061B80F /* main.m */; };
		945D592918C732200061B80F /* AppDelegate.m in Sources */ = {isa = PBXBuildFile; fileRef = 945D592818C732200061B80F /* AppDelegate.m */; };
		945D592C18C732200061B80F /* Main_iPhone.storyboard in Resources */ = {isa = PBXBuildFile; fileRef = 945D592A18C732200061B80F /* Main_iPhone.storyboard */; };
		945D592F18C732200061B80F /* Main_iPad.storyboard in Resources */ = {isa = PBXBuildFile; fileRef = 945D592D18C732200061B80F /* Main_iPad.storyboard */; };
		945D593718C732220061B80F /* Images.xcassets in Resources */ = {isa = PBXBuildFile; fileRef = 945D593618C732220061B80F /* Images.xcassets */; };
		945D593E18C732240061B80F /* XCTest.framework in Frameworks */ = {isa = PBXBuildFile; fileRef = 945D593D18C732240061B80F /* XCTest.framework */; };
		945D593F18C732240061B80F /* Foundation.framework in Frameworks */ = {isa = PBXBuildFile; fileRef = 945D591818C7321F0061B80F /* Foundation.framework */; };
		945D594018C732240061B80F /* UIKit.framework in Frameworks */ = {isa = PBXBuildFile; fileRef = 945D591C18C7321F0061B80F /* UIKit.framework */; };
		945D594818C732240061B80F /* InfoPlist.strings in Resources */ = {isa = PBXBuildFile; fileRef = 945D594618C732240061B80F /* InfoPlist.strings */; };
		945D595818C7354F0061B80F /* TestLoginViewController.m in Sources */ = {isa = PBXBuildFile; fileRef = 945D595718C7354F0061B80F /* TestLoginViewController.m */; };
		947A892618C89ACD00CA40C3 /* Signpost@2x.png in Resources */ = {isa = PBXBuildFile; fileRef = 947A892218C89ACD00CA40C3 /* Signpost@2x.png */; };
		947A892718C89ACD00CA40C3 /* Contact@2x.png in Resources */ = {isa = PBXBuildFile; fileRef = 947A892318C89ACD00CA40C3 /* Contact@2x.png */; };
		947A892818C89ACD00CA40C3 /* Search@2x.png in Resources */ = {isa = PBXBuildFile; fileRef = 947A892418C89ACD00CA40C3 /* Search@2x.png */; };
		947A892918C89ACD00CA40C3 /* Near_Me@2x.png in Resources */ = {isa = PBXBuildFile; fileRef = 947A892518C89ACD00CA40C3 /* Near_Me@2x.png */; };
		947A892B18C89CCB00CA40C3 /* 1175131_10152135066287306_734393091_n.jpg in Resources */ = {isa = PBXBuildFile; fileRef = 947A892A18C89CCB00CA40C3 /* 1175131_10152135066287306_734393091_n.jpg */; };
		947AFDEC18C8894D006EB9E9 /* Lovelo-Black.otf in Resources */ = {isa = PBXBuildFile; fileRef = 947AFDEB18C8894D006EB9E9 /* Lovelo-Black.otf */; };
		94A7DF8318D07A7F0074B831 /* 2014-03-06 16.45.44.png in Resources */ = {isa = PBXBuildFile; fileRef = 94A7DF8218D07A7F0074B831 /* 2014-03-06 16.45.44.png */; };
		94A8C13F18D7323800472121 /* CatVenueViewController.m in Sources */ = {isa = PBXBuildFile; fileRef = 94A8C13E18D7323800472121 /* CatVenueViewController.m */; };
		94A8C14218D8C99100472121 /* EventFeedTableViewController.m in Sources */ = {isa = PBXBuildFile; fileRef = 94A8C14118D8C99100472121 /* EventFeedTableViewController.m */; };
		94A8C14318D8C99100472121 /* EventFeedTableViewController.m in Sources */ = {isa = PBXBuildFile; fileRef = 94A8C14118D8C99100472121 /* EventFeedTableViewController.m */; };
		94B9823418C8A56000D32125 /* IndivVenueViewController.m in Sources */ = {isa = PBXBuildFile; fileRef = 94B9823318C8A56000D32125 /* IndivVenueViewController.m */; };
		94B9823718C8AED300D32125 /* Pacifico.ttf in Resources */ = {isa = PBXBuildFile; fileRef = 94B9823618C8AED300D32125 /* Pacifico.ttf */; };
		94B9823B18C8D04600D32125 /* RegisterViewController.m in Sources */ = {isa = PBXBuildFile; fileRef = 94B9823A18C8D04600D32125 /* RegisterViewController.m */; };
		94B9823D18C9232400D32125 /* feed@2x.png in Resources */ = {isa = PBXBuildFile; fileRef = 94B9823C18C9232400D32125 /* feed@2x.png */; };
		94B9826F18C92E0600D32125 /* AppIcon29x29.png in Resources */ = {isa = PBXBuildFile; fileRef = 94B9825F18C92E0600D32125 /* AppIcon29x29.png */; };
		94B9827018C92E0600D32125 /* AppIcon29x29@2x.png in Resources */ = {isa = PBXBuildFile; fileRef = 94B9826018C92E0600D32125 /* AppIcon29x29@2x.png */; };
		94B9827118C92E0600D32125 /* AppIcon40x40.png in Resources */ = {isa = PBXBuildFile; fileRef = 94B9826118C92E0600D32125 /* AppIcon40x40.png */; };
		94B9827218C92E0600D32125 /* AppIcon40x40@2x.png in Resources */ = {isa = PBXBuildFile; fileRef = 94B9826218C92E0600D32125 /* AppIcon40x40@2x.png */; };
		94B9827318C92E0600D32125 /* AppIcon50x50.png in Resources */ = {isa = PBXBuildFile; fileRef = 94B9826318C92E0600D32125 /* AppIcon50x50.png */; };
		94B9827418C92E0600D32125 /* AppIcon50x50@2x.png in Resources */ = {isa = PBXBuildFile; fileRef = 94B9826418C92E0600D32125 /* AppIcon50x50@2x.png */; };
		94B9827518C92E0600D32125 /* AppIcon57x57.png in Resources */ = {isa = PBXBuildFile; fileRef = 94B9826518C92E0600D32125 /* AppIcon57x57.png */; };
		94B9827618C92E0600D32125 /* AppIcon57x57@2x.png in Resources */ = {isa = PBXBuildFile; fileRef = 94B9826618C92E0600D32125 /* AppIcon57x57@2x.png */; };
		94B9827718C92E0600D32125 /* AppIcon60x60.png in Resources */ = {isa = PBXBuildFile; fileRef = 94B9826718C92E0600D32125 /* AppIcon60x60.png */; };
		94B9827818C92E0600D32125 /* AppIcon60x60@2x.png in Resources */ = {isa = PBXBuildFile; fileRef = 94B9826818C92E0600D32125 /* AppIcon60x60@2x.png */; };
		94B9827918C92E0600D32125 /* AppIcon72x72.png in Resources */ = {isa = PBXBuildFile; fileRef = 94B9826918C92E0600D32125 /* AppIcon72x72.png */; };
		94B9827A18C92E0600D32125 /* AppIcon72x72@2x.png in Resources */ = {isa = PBXBuildFile; fileRef = 94B9826A18C92E0600D32125 /* AppIcon72x72@2x.png */; };
		94B9827B18C92E0600D32125 /* AppIcon76x76.png in Resources */ = {isa = PBXBuildFile; fileRef = 94B9826B18C92E0600D32125 /* AppIcon76x76.png */; };
		94B9827C18C92E0600D32125 /* AppIcon76x76@2x.png in Resources */ = {isa = PBXBuildFile; fileRef = 94B9826C18C92E0600D32125 /* AppIcon76x76@2x.png */; };
		94B9827D18C92E0600D32125 /* iTunesArtwork.png in Resources */ = {isa = PBXBuildFile; fileRef = 94B9826D18C92E0600D32125 /* iTunesArtwork.png */; };
		94B9827E18C92E0600D32125 /* iTunesArtwork@2x.png in Resources */ = {isa = PBXBuildFile; fileRef = 94B9826E18C92E0600D32125 /* iTunesArtwork@2x.png */; };
		94F5024618C7474D00B7B344 /* LoginViewController.m in Sources */ = {isa = PBXBuildFile; fileRef = 94F5024518C7474D00B7B344 /* LoginViewController.m */; };
		CED9FBDC45E5483CB90820D3 /* libPods.a in Frameworks */ = {isa = PBXBuildFile; fileRef = 028A56D3B5E44D358FD1E32F /* libPods.a */; };
/* End PBXBuildFile section */

/* Begin PBXContainerItemProxy section */
		945D594118C732240061B80F /* PBXContainerItemProxy */ = {
			isa = PBXContainerItemProxy;
			containerPortal = 945D590D18C7321D0061B80F /* Project object */;
			proxyType = 1;
			remoteGlobalIDString = 945D591418C7321D0061B80F;
			remoteInfo = tonightapp;
		};
/* End PBXContainerItemProxy section */

/* Begin PBXFileReference section */
		028A56D3B5E44D358FD1E32F /* libPods.a */ = {isa = PBXFileReference; explicitFileType = archive.ar; includeInIndex = 0; path = libPods.a; sourceTree = BUILT_PRODUCTS_DIR; };
		91D37EE54EAF4D3A9C7DCED3 /* Pods.xcconfig */ = {isa = PBXFileReference; includeInIndex = 1; lastKnownFileType = text.xcconfig; name = Pods.xcconfig; path = Pods/Pods.xcconfig; sourceTree = "<group>"; };
		9405EDA718C76D360031CA28 /* tonightapp.entitlements */ = {isa = PBXFileReference; lastKnownFileType = text.xml; path = tonightapp.entitlements; sourceTree = "<group>"; };
		9405EDA818C76D5C0031CA28 /* Security.framework */ = {isa = PBXFileReference; lastKnownFileType = wrapper.framework; name = Security.framework; path = System/Library/Frameworks/Security.framework; sourceTree = SDKROOT; };
		9405EDB018C799A10031CA28 /* MyProfileViewController.h */ = {isa = PBXFileReference; fileEncoding = 4; lastKnownFileType = sourcecode.c.h; path = MyProfileViewController.h; sourceTree = "<group>"; };
		9405EDB118C799A10031CA28 /* MyProfileViewController.m */ = {isa = PBXFileReference; fileEncoding = 4; lastKnownFileType = sourcecode.c.objc; path = MyProfileViewController.m; sourceTree = "<group>"; };
		9405EDB618C799FF0031CA28 /* DiscoverTableViewController.h */ = {isa = PBXFileReference; fileEncoding = 4; lastKnownFileType = sourcecode.c.h; path = DiscoverTableViewController.h; sourceTree = "<group>"; };
		9405EDB718C799FF0031CA28 /* DiscoverTableViewController.m */ = {isa = PBXFileReference; fileEncoding = 4; lastKnownFileType = sourcecode.c.objc; path = DiscoverTableViewController.m; sourceTree = "<group>"; };
		9405EDB918C7A4CF0031CA28 /* IndivEventViewController.h */ = {isa = PBXFileReference; fileEncoding = 4; lastKnownFileType = sourcecode.c.h; path = IndivEventViewController.h; sourceTree = "<group>"; };
		9405EDBA18C7A4CF0031CA28 /* IndivEventViewController.m */ = {isa = PBXFileReference; fileEncoding = 4; lastKnownFileType = sourcecode.c.objc; path = IndivEventViewController.m; sourceTree = "<group>"; };
		9405EDBC18C7C6200031CA28 /* Event.h */ = {isa = PBXFileReference; fileEncoding = 4; lastKnownFileType = sourcecode.c.h; path = Event.h; sourceTree = "<group>"; };
		9405EDBD18C7C6200031CA28 /* Event.m */ = {isa = PBXFileReference; fileEncoding = 4; lastKnownFileType = sourcecode.c.objc; path = Event.m; sourceTree = "<group>"; };
		940D5E93191B8EC100D543E9 /* Map_Path@2x.png */ = {isa = PBXFileReference; lastKnownFileType = image.png; name = "Map_Path@2x.png"; path = "../../../../../../Desktop/pixellove_free/2x_normal/Map_Path@2x.png"; sourceTree = "<group>"; };
		941556BF18E9B48F00716B45 /* Venue.h */ = {isa = PBXFileReference; fileEncoding = 4; lastKnownFileType = sourcecode.c.h; path = Venue.h; sourceTree = "<group>"; };
		941556C018E9B48F00716B45 /* Venue.m */ = {isa = PBXFileReference; fileEncoding = 4; lastKnownFileType = sourcecode.c.objc; path = Venue.m; sourceTree = "<group>"; };
		941556C418EA219D00716B45 /* User.h */ = {isa = PBXFileReference; fileEncoding = 4; lastKnownFileType = sourcecode.c.h; path = User.h; sourceTree = "<group>"; };
		941556C518EA219D00716B45 /* User.m */ = {isa = PBXFileReference; fileEncoding = 4; lastKnownFileType = sourcecode.c.objc; path = User.m; sourceTree = "<group>"; };
		9441A2B918D9B9EE0023B124 /* EventFeedTableViewCell.h */ = {isa = PBXFileReference; fileEncoding = 4; lastKnownFileType = sourcecode.c.h; path = EventFeedTableViewCell.h; sourceTree = "<group>"; };
		9441A2BA18D9B9EE0023B124 /* EventFeedTableViewCell.m */ = {isa = PBXFileReference; fileEncoding = 4; lastKnownFileType = sourcecode.c.objc; path = EventFeedTableViewCell.m; sourceTree = "<group>"; };
		945D14EA18CF8E0B0069C416 /* Crashlytics.framework */ = {isa = PBXFileReference; lastKnownFileType = wrapper.framework; path = Crashlytics.framework; sourceTree = "<group>"; };
		945D591518C7321E0061B80F /* tonightapp.app */ = {isa = PBXFileReference; explicitFileType = wrapper.application; includeInIndex = 0; path = tonightapp.app; sourceTree = BUILT_PRODUCTS_DIR; };
		945D591818C7321F0061B80F /* Foundation.framework */ = {isa = PBXFileReference; lastKnownFileType = wrapper.framework; name = Foundation.framework; path = System/Library/Frameworks/Foundation.framework; sourceTree = SDKROOT; };
		945D591A18C7321F0061B80F /* CoreGraphics.framework */ = {isa = PBXFileReference; lastKnownFileType = wrapper.framework; name = CoreGraphics.framework; path = System/Library/Frameworks/CoreGraphics.framework; sourceTree = SDKROOT; };
		945D591C18C7321F0061B80F /* UIKit.framework */ = {isa = PBXFileReference; lastKnownFileType = wrapper.framework; name = UIKit.framework; path = System/Library/Frameworks/UIKit.framework; sourceTree = SDKROOT; };
		945D592018C732200061B80F /* tonightapp-Info.plist */ = {isa = PBXFileReference; lastKnownFileType = text.plist.xml; path = "tonightapp-Info.plist"; sourceTree = "<group>"; };
		945D592218C732200061B80F /* en */ = {isa = PBXFileReference; lastKnownFileType = text.plist.strings; name = en; path = en.lproj/InfoPlist.strings; sourceTree = "<group>"; };
		945D592418C732200061B80F /* main.m */ = {isa = PBXFileReference; lastKnownFileType = sourcecode.c.objc; path = main.m; sourceTree = "<group>"; };
		945D592618C732200061B80F /* tonightapp-Prefix.pch */ = {isa = PBXFileReference; lastKnownFileType = sourcecode.c.h; path = "tonightapp-Prefix.pch"; sourceTree = "<group>"; };
		945D592718C732200061B80F /* AppDelegate.h */ = {isa = PBXFileReference; lastKnownFileType = sourcecode.c.h; path = AppDelegate.h; sourceTree = "<group>"; };
		945D592818C732200061B80F /* AppDelegate.m */ = {isa = PBXFileReference; lastKnownFileType = sourcecode.c.objc; path = AppDelegate.m; sourceTree = "<group>"; };
		945D592B18C732200061B80F /* Base */ = {isa = PBXFileReference; lastKnownFileType = file.storyboard; name = Base; path = Base.lproj/Main_iPhone.storyboard; sourceTree = "<group>"; };
		945D592E18C732200061B80F /* Base */ = {isa = PBXFileReference; lastKnownFileType = file.storyboard; name = Base; path = Base.lproj/Main_iPad.storyboard; sourceTree = "<group>"; };
		945D593618C732220061B80F /* Images.xcassets */ = {isa = PBXFileReference; lastKnownFileType = folder.assetcatalog; path = Images.xcassets; sourceTree = "<group>"; };
		945D593C18C732240061B80F /* tonightappTests.xctest */ = {isa = PBXFileReference; explicitFileType = wrapper.cfbundle; includeInIndex = 0; path = tonightappTests.xctest; sourceTree = BUILT_PRODUCTS_DIR; };
		945D593D18C732240061B80F /* XCTest.framework */ = {isa = PBXFileReference; lastKnownFileType = wrapper.framework; name = XCTest.framework; path = Library/Frameworks/XCTest.framework; sourceTree = DEVELOPER_DIR; };
		945D594518C732240061B80F /* tonightappTests-Info.plist */ = {isa = PBXFileReference; lastKnownFileType = text.plist.xml; path = "tonightappTests-Info.plist"; sourceTree = "<group>"; };
		945D594718C732240061B80F /* en */ = {isa = PBXFileReference; lastKnownFileType = text.plist.strings; name = en; path = en.lproj/InfoPlist.strings; sourceTree = "<group>"; };
		945D595718C7354F0061B80F /* TestLoginViewController.m */ = {isa = PBXFileReference; fileEncoding = 4; lastKnownFileType = sourcecode.c.objc; path = TestLoginViewController.m; sourceTree = "<group>"; };
		947A892218C89ACD00CA40C3 /* Signpost@2x.png */ = {isa = PBXFileReference; lastKnownFileType = image.png; name = "Signpost@2x.png"; path = "Resources/Signpost@2x.png"; sourceTree = "<group>"; };
		947A892318C89ACD00CA40C3 /* Contact@2x.png */ = {isa = PBXFileReference; lastKnownFileType = image.png; name = "Contact@2x.png"; path = "Resources/Contact@2x.png"; sourceTree = "<group>"; };
		947A892418C89ACD00CA40C3 /* Search@2x.png */ = {isa = PBXFileReference; lastKnownFileType = image.png; name = "Search@2x.png"; path = "Resources/Search@2x.png"; sourceTree = "<group>"; };
		947A892518C89ACD00CA40C3 /* Near_Me@2x.png */ = {isa = PBXFileReference; lastKnownFileType = image.png; name = "Near_Me@2x.png"; path = "Resources/Near_Me@2x.png"; sourceTree = "<group>"; };
		947A892A18C89CCB00CA40C3 /* 1175131_10152135066287306_734393091_n.jpg */ = {isa = PBXFileReference; lastKnownFileType = image.jpeg; name = 1175131_10152135066287306_734393091_n.jpg; path = Resources/1175131_10152135066287306_734393091_n.jpg; sourceTree = "<group>"; };
		947AFDEB18C8894D006EB9E9 /* Lovelo-Black.otf */ = {isa = PBXFileReference; lastKnownFileType = file; name = "Lovelo-Black.otf"; path = "Resources/Lovelo-Black.otf"; sourceTree = "<group>"; };
		94A7DF8118D060A90074B831 /* constants.h */ = {isa = PBXFileReference; fileEncoding = 4; lastKnownFileType = sourcecode.c.h; path = constants.h; sourceTree = "<group>"; };
		94A7DF8218D07A7F0074B831 /* 2014-03-06 16.45.44.png */ = {isa = PBXFileReference; lastKnownFileType = image.png; path = "2014-03-06 16.45.44.png"; sourceTree = "<group>"; };
		94A8C13D18D7323800472121 /* CatVenueViewController.h */ = {isa = PBXFileReference; fileEncoding = 4; lastKnownFileType = sourcecode.c.h; path = CatVenueViewController.h; sourceTree = "<group>"; };
		94A8C13E18D7323800472121 /* CatVenueViewController.m */ = {isa = PBXFileReference; fileEncoding = 4; lastKnownFileType = sourcecode.c.objc; path = CatVenueViewController.m; sourceTree = "<group>"; };
		94A8C14018D8C99100472121 /* EventFeedTableViewController.h */ = {isa = PBXFileReference; fileEncoding = 4; lastKnownFileType = sourcecode.c.h; path = EventFeedTableViewController.h; sourceTree = "<group>"; };
		94A8C14118D8C99100472121 /* EventFeedTableViewController.m */ = {isa = PBXFileReference; fileEncoding = 4; lastKnownFileType = sourcecode.c.objc; path = EventFeedTableViewController.m; sourceTree = "<group>"; };
		94B9823218C8A56000D32125 /* IndivVenueViewController.h */ = {isa = PBXFileReference; fileEncoding = 4; lastKnownFileType = sourcecode.c.h; path = IndivVenueViewController.h; sourceTree = "<group>"; };
		94B9823318C8A56000D32125 /* IndivVenueViewController.m */ = {isa = PBXFileReference; fileEncoding = 4; lastKnownFileType = sourcecode.c.objc; path = IndivVenueViewController.m; sourceTree = "<group>"; };
		94B9823618C8AED300D32125 /* Pacifico.ttf */ = {isa = PBXFileReference; lastKnownFileType = file; name = Pacifico.ttf; path = Resources/Pacifico.ttf; sourceTree = "<group>"; };
		94B9823918C8D04600D32125 /* RegisterViewController.h */ = {isa = PBXFileReference; fileEncoding = 4; lastKnownFileType = sourcecode.c.h; path = RegisterViewController.h; sourceTree = "<group>"; };
		94B9823A18C8D04600D32125 /* RegisterViewController.m */ = {isa = PBXFileReference; fileEncoding = 4; lastKnownFileType = sourcecode.c.objc; path = RegisterViewController.m; sourceTree = "<group>"; };
		94B9823C18C9232400D32125 /* feed@2x.png */ = {isa = PBXFileReference; lastKnownFileType = image.png; name = "feed@2x.png"; path = "Resources/feed@2x.png"; sourceTree = "<group>"; };
		94B9825F18C92E0600D32125 /* AppIcon29x29.png */ = {isa = PBXFileReference; lastKnownFileType = image.png; name = AppIcon29x29.png; path = icons/AppIcon29x29.png; sourceTree = "<group>"; };
		94B9826018C92E0600D32125 /* AppIcon29x29@2x.png */ = {isa = PBXFileReference; lastKnownFileType = image.png; name = "AppIcon29x29@2x.png"; path = "icons/AppIcon29x29@2x.png"; sourceTree = "<group>"; };
		94B9826118C92E0600D32125 /* AppIcon40x40.png */ = {isa = PBXFileReference; lastKnownFileType = image.png; name = AppIcon40x40.png; path = icons/AppIcon40x40.png; sourceTree = "<group>"; };
		94B9826218C92E0600D32125 /* AppIcon40x40@2x.png */ = {isa = PBXFileReference; lastKnownFileType = image.png; name = "AppIcon40x40@2x.png"; path = "icons/AppIcon40x40@2x.png"; sourceTree = "<group>"; };
		94B9826318C92E0600D32125 /* AppIcon50x50.png */ = {isa = PBXFileReference; lastKnownFileType = image.png; name = AppIcon50x50.png; path = icons/AppIcon50x50.png; sourceTree = "<group>"; };
		94B9826418C92E0600D32125 /* AppIcon50x50@2x.png */ = {isa = PBXFileReference; lastKnownFileType = image.png; name = "AppIcon50x50@2x.png"; path = "icons/AppIcon50x50@2x.png"; sourceTree = "<group>"; };
		94B9826518C92E0600D32125 /* AppIcon57x57.png */ = {isa = PBXFileReference; lastKnownFileType = image.png; name = AppIcon57x57.png; path = icons/AppIcon57x57.png; sourceTree = "<group>"; };
		94B9826618C92E0600D32125 /* AppIcon57x57@2x.png */ = {isa = PBXFileReference; lastKnownFileType = image.png; name = "AppIcon57x57@2x.png"; path = "icons/AppIcon57x57@2x.png"; sourceTree = "<group>"; };
		94B9826718C92E0600D32125 /* AppIcon60x60.png */ = {isa = PBXFileReference; lastKnownFileType = image.png; name = AppIcon60x60.png; path = icons/AppIcon60x60.png; sourceTree = "<group>"; };
		94B9826818C92E0600D32125 /* AppIcon60x60@2x.png */ = {isa = PBXFileReference; lastKnownFileType = image.png; name = "AppIcon60x60@2x.png"; path = "icons/AppIcon60x60@2x.png"; sourceTree = "<group>"; };
		94B9826918C92E0600D32125 /* AppIcon72x72.png */ = {isa = PBXFileReference; lastKnownFileType = image.png; name = AppIcon72x72.png; path = icons/AppIcon72x72.png; sourceTree = "<group>"; };
		94B9826A18C92E0600D32125 /* AppIcon72x72@2x.png */ = {isa = PBXFileReference; lastKnownFileType = image.png; name = "AppIcon72x72@2x.png"; path = "icons/AppIcon72x72@2x.png"; sourceTree = "<group>"; };
		94B9826B18C92E0600D32125 /* AppIcon76x76.png */ = {isa = PBXFileReference; lastKnownFileType = image.png; name = AppIcon76x76.png; path = icons/AppIcon76x76.png; sourceTree = "<group>"; };
		94B9826C18C92E0600D32125 /* AppIcon76x76@2x.png */ = {isa = PBXFileReference; lastKnownFileType = image.png; name = "AppIcon76x76@2x.png"; path = "icons/AppIcon76x76@2x.png"; sourceTree = "<group>"; };
		94B9826D18C92E0600D32125 /* iTunesArtwork.png */ = {isa = PBXFileReference; lastKnownFileType = image.png; name = iTunesArtwork.png; path = icons/iTunesArtwork.png; sourceTree = "<group>"; };
		94B9826E18C92E0600D32125 /* iTunesArtwork@2x.png */ = {isa = PBXFileReference; lastKnownFileType = image.png; name = "iTunesArtwork@2x.png"; path = "icons/iTunesArtwork@2x.png"; sourceTree = "<group>"; };
		94F5024418C7474D00B7B344 /* LoginViewController.h */ = {isa = PBXFileReference; fileEncoding = 4; lastKnownFileType = sourcecode.c.h; path = LoginViewController.h; sourceTree = "<group>"; };
		94F5024518C7474D00B7B344 /* LoginViewController.m */ = {isa = PBXFileReference; fileEncoding = 4; lastKnownFileType = sourcecode.c.objc; path = LoginViewController.m; sourceTree = "<group>"; };
/* End PBXFileReference section */

/* Begin PBXFrameworksBuildPhase section */
		945D591218C7321D0061B80F /* Frameworks */ = {
			isa = PBXFrameworksBuildPhase;
			buildActionMask = 2147483647;
			files = (
				9405EDA918C76D5C0031CA28 /* Security.framework in Frameworks */,
				945D591B18C7321F0061B80F /* CoreGraphics.framework in Frameworks */,
				945D591D18C7321F0061B80F /* UIKit.framework in Frameworks */,
				945D591918C7321F0061B80F /* Foundation.framework in Frameworks */,
				945D14EB18CF8E0B0069C416 /* Crashlytics.framework in Frameworks */,
				CED9FBDC45E5483CB90820D3 /* libPods.a in Frameworks */,
			);
			runOnlyForDeploymentPostprocessing = 0;
		};
		945D593918C732240061B80F /* Frameworks */ = {
			isa = PBXFrameworksBuildPhase;
			buildActionMask = 2147483647;
			files = (
				945D593E18C732240061B80F /* XCTest.framework in Frameworks */,
				945D594018C732240061B80F /* UIKit.framework in Frameworks */,
				945D593F18C732240061B80F /* Foundation.framework in Frameworks */,
			);
			runOnlyForDeploymentPostprocessing = 0;
		};
/* End PBXFrameworksBuildPhase section */

/* Begin PBXGroup section */
		941556BE18E9B43C00716B45 /* Data Models */ = {
			isa = PBXGroup;
			children = (
				9405EDBC18C7C6200031CA28 /* Event.h */,
				9405EDBD18C7C6200031CA28 /* Event.m */,
				941556BF18E9B48F00716B45 /* Venue.h */,
				941556C018E9B48F00716B45 /* Venue.m */,
				941556C418EA219D00716B45 /* User.h */,
				941556C518EA219D00716B45 /* User.m */,
			);
			name = "Data Models";
			sourceTree = "<group>";
		};
		9441A2B818D9B9D10023B124 /* Event Feed Controllers */ = {
			isa = PBXGroup;
			children = (
				94A8C14018D8C99100472121 /* EventFeedTableViewController.h */,
				94A8C14118D8C99100472121 /* EventFeedTableViewController.m */,
				9441A2B918D9B9EE0023B124 /* EventFeedTableViewCell.h */,
				9441A2BA18D9B9EE0023B124 /* EventFeedTableViewCell.m */,
			);
			name = "Event Feed Controllers";
			sourceTree = "<group>";
		};
		945D590C18C7321D0061B80F = {
			isa = PBXGroup;
			children = (
				945D591E18C7321F0061B80F /* tonightapp */,
				945D594318C732240061B80F /* tonightappTests */,
				945D591718C7321E0061B80F /* Frameworks */,
				945D591618C7321E0061B80F /* Products */,
				91D37EE54EAF4D3A9C7DCED3 /* Pods.xcconfig */,
			);
			sourceTree = "<group>";
		};
		945D591618C7321E0061B80F /* Products */ = {
			isa = PBXGroup;
			children = (
				945D591518C7321E0061B80F /* tonightapp.app */,
				945D593C18C732240061B80F /* tonightappTests.xctest */,
			);
			name = Products;
			sourceTree = "<group>";
		};
		945D591718C7321E0061B80F /* Frameworks */ = {
			isa = PBXGroup;
			children = (
				945D14EA18CF8E0B0069C416 /* Crashlytics.framework */,
				9405EDA818C76D5C0031CA28 /* Security.framework */,
				945D591818C7321F0061B80F /* Foundation.framework */,
				945D591A18C7321F0061B80F /* CoreGraphics.framework */,
				945D591C18C7321F0061B80F /* UIKit.framework */,
				945D593D18C732240061B80F /* XCTest.framework */,
				028A56D3B5E44D358FD1E32F /* libPods.a */,
			);
			name = Frameworks;
			sourceTree = "<group>";
		};
		945D591E18C7321F0061B80F /* tonightapp */ = {
			isa = PBXGroup;
			children = (
				94B9823E18C92B5D00D32125 /* icons */,
				947A892118C89AAA00CA40C3 /* Images */,
				947AFDED18C88953006EB9E9 /* Fonts */,
				9405EDA718C76D360031CA28 /* tonightapp.entitlements */,
				945D592718C732200061B80F /* AppDelegate.h */,
				945D592818C732200061B80F /* AppDelegate.m */,
				945D592A18C732200061B80F /* Main_iPhone.storyboard */,
				945D592D18C732200061B80F /* Main_iPad.storyboard */,
				945D593618C732220061B80F /* Images.xcassets */,
				94A7DF8118D060A90074B831 /* constants.h */,
				94B9823818C8D02400D32125 /* Login/Register Controllers */,
				94B9823518C8A57800D32125 /* Main Screen Controllers */,
				945D591F18C732200061B80F /* Supporting Files */,
				94B9823118C8A53F00D32125 /* Indiv Controller */,
				941556BE18E9B43C00716B45 /* Data Models */,
			);
			path = tonightapp;
			sourceTree = "<group>";
		};
		945D591F18C732200061B80F /* Supporting Files */ = {
			isa = PBXGroup;
			children = (
				945D592018C732200061B80F /* tonightapp-Info.plist */,
				945D592118C732200061B80F /* InfoPlist.strings */,
				945D592418C732200061B80F /* main.m */,
				945D592618C732200061B80F /* tonightapp-Prefix.pch */,
			);
			name = "Supporting Files";
			sourceTree = "<group>";
		};
		945D594318C732240061B80F /* tonightappTests */ = {
			isa = PBXGroup;
			children = (
				945D594418C732240061B80F /* Supporting Files */,
				945D595718C7354F0061B80F /* TestLoginViewController.m */,
			);
			path = tonightappTests;
			sourceTree = "<group>";
		};
		945D594418C732240061B80F /* Supporting Files */ = {
			isa = PBXGroup;
			children = (
				945D594518C732240061B80F /* tonightappTests-Info.plist */,
				945D594618C732240061B80F /* InfoPlist.strings */,
			);
			name = "Supporting Files";
			sourceTree = "<group>";
		};
		947A892118C89AAA00CA40C3 /* Images */ = {
			isa = PBXGroup;
			children = (
				940D5E93191B8EC100D543E9 /* Map_Path@2x.png */,
				94A7DF8218D07A7F0074B831 /* 2014-03-06 16.45.44.png */,
				94B9823C18C9232400D32125 /* feed@2x.png */,
				947A892A18C89CCB00CA40C3 /* 1175131_10152135066287306_734393091_n.jpg */,
				947A892218C89ACD00CA40C3 /* Signpost@2x.png */,
				947A892318C89ACD00CA40C3 /* Contact@2x.png */,
				947A892418C89ACD00CA40C3 /* Search@2x.png */,
				947A892518C89ACD00CA40C3 /* Near_Me@2x.png */,
			);
			name = Images;
			sourceTree = "<group>";
		};
		947AFDED18C88953006EB9E9 /* Fonts */ = {
			isa = PBXGroup;
			children = (
				94B9823618C8AED300D32125 /* Pacifico.ttf */,
				947AFDEB18C8894D006EB9E9 /* Lovelo-Black.otf */,
			);
			name = Fonts;
			sourceTree = "<group>";
		};
		9490B3D718D376F200071865 /* Discover Controllers */ = {
			isa = PBXGroup;
			children = (
				9405EDB618C799FF0031CA28 /* DiscoverTableViewController.h */,
				9405EDB718C799FF0031CA28 /* DiscoverTableViewController.m */,
				94A8C13D18D7323800472121 /* CatVenueViewController.h */,
				94A8C13E18D7323800472121 /* CatVenueViewController.m */,
			);
			name = "Discover Controllers";
			sourceTree = "<group>";
		};
		9490B3D818D3770300071865 /* My Profile Controllers */ = {
			isa = PBXGroup;
			children = (
				9405EDB018C799A10031CA28 /* MyProfileViewController.h */,
				9405EDB118C799A10031CA28 /* MyProfileViewController.m */,
			);
			name = "My Profile Controllers";
			sourceTree = "<group>";
		};
		94B9823118C8A53F00D32125 /* Indiv Controller */ = {
			isa = PBXGroup;
			children = (
				9405EDB918C7A4CF0031CA28 /* IndivEventViewController.h */,
				9405EDBA18C7A4CF0031CA28 /* IndivEventViewController.m */,
				94B9823218C8A56000D32125 /* IndivVenueViewController.h */,
				94B9823318C8A56000D32125 /* IndivVenueViewController.m */,
			);
			name = "Indiv Controller";
			sourceTree = "<group>";
		};
		94B9823518C8A57800D32125 /* Main Screen Controllers */ = {
			isa = PBXGroup;
			children = (
				9441A2B818D9B9D10023B124 /* Event Feed Controllers */,
				9490B3D818D3770300071865 /* My Profile Controllers */,
				9490B3D718D376F200071865 /* Discover Controllers */,
			);
			name = "Main Screen Controllers";
			sourceTree = "<group>";
		};
		94B9823818C8D02400D32125 /* Login/Register Controllers */ = {
			isa = PBXGroup;
			children = (
				94F5024418C7474D00B7B344 /* LoginViewController.h */,
				94F5024518C7474D00B7B344 /* LoginViewController.m */,
				94B9823918C8D04600D32125 /* RegisterViewController.h */,
				94B9823A18C8D04600D32125 /* RegisterViewController.m */,
			);
			name = "Login/Register Controllers";
			sourceTree = "<group>";
		};
		94B9823E18C92B5D00D32125 /* icons */ = {
			isa = PBXGroup;
			children = (
				94B9825F18C92E0600D32125 /* AppIcon29x29.png */,
				94B9826018C92E0600D32125 /* AppIcon29x29@2x.png */,
				94B9826118C92E0600D32125 /* AppIcon40x40.png */,
				94B9826218C92E0600D32125 /* AppIcon40x40@2x.png */,
				94B9826318C92E0600D32125 /* AppIcon50x50.png */,
				94B9826418C92E0600D32125 /* AppIcon50x50@2x.png */,
				94B9826518C92E0600D32125 /* AppIcon57x57.png */,
				94B9826618C92E0600D32125 /* AppIcon57x57@2x.png */,
				94B9826718C92E0600D32125 /* AppIcon60x60.png */,
				94B9826818C92E0600D32125 /* AppIcon60x60@2x.png */,
				94B9826918C92E0600D32125 /* AppIcon72x72.png */,
				94B9826A18C92E0600D32125 /* AppIcon72x72@2x.png */,
				94B9826B18C92E0600D32125 /* AppIcon76x76.png */,
				94B9826C18C92E0600D32125 /* AppIcon76x76@2x.png */,
				94B9826D18C92E0600D32125 /* iTunesArtwork.png */,
				94B9826E18C92E0600D32125 /* iTunesArtwork@2x.png */,
			);
			name = icons;
			sourceTree = "<group>";
		};
/* End PBXGroup section */

/* Begin PBXNativeTarget section */
		945D591418C7321D0061B80F /* tonightapp */ = {
			isa = PBXNativeTarget;
			buildConfigurationList = 945D594D18C732240061B80F /* Build configuration list for PBXNativeTarget "tonightapp" */;
			buildPhases = (
				15A818F20DD34D35BFF4F196 /* Check Pods Manifest.lock */,
				945D591118C7321D0061B80F /* Sources */,
				945D591218C7321D0061B80F /* Frameworks */,
				945D591318C7321D0061B80F /* Resources */,
				B6FE34A2C34243C2B8DD3AF9 /* Copy Pods Resources */,
				945D14E818CF8D4D0069C416 /* ShellScript */,
			);
			buildRules = (
			);
			dependencies = (
			);
			name = tonightapp;
			productName = tonightapp;
			productReference = 945D591518C7321E0061B80F /* tonightapp.app */;
			productType = "com.apple.product-type.application";
		};
		945D593B18C732240061B80F /* tonightappTests */ = {
			isa = PBXNativeTarget;
			buildConfigurationList = 945D595018C732240061B80F /* Build configuration list for PBXNativeTarget "tonightappTests" */;
			buildPhases = (
				945D593818C732240061B80F /* Sources */,
				945D593918C732240061B80F /* Frameworks */,
				945D593A18C732240061B80F /* Resources */,
			);
			buildRules = (
			);
			dependencies = (
				945D594218C732240061B80F /* PBXTargetDependency */,
			);
			name = tonightappTests;
			productName = tonightappTests;
			productReference = 945D593C18C732240061B80F /* tonightappTests.xctest */;
			productType = "com.apple.product-type.bundle.unit-test";
		};
/* End PBXNativeTarget section */

/* Begin PBXProject section */
		945D590D18C7321D0061B80F /* Project object */ = {
			isa = PBXProject;
			attributes = {
				LastUpgradeCheck = 0500;
				ORGANIZATIONNAME = "Ryan Clarke";
				TargetAttributes = {
					945D591418C7321D0061B80F = {
						SystemCapabilities = {
							com.apple.Keychain = {
								enabled = 1;
							};
						};
					};
					945D593B18C732240061B80F = {
						TestTargetID = 945D591418C7321D0061B80F;
					};
				};
			};
			buildConfigurationList = 945D591018C7321D0061B80F /* Build configuration list for PBXProject "tonightapp" */;
			compatibilityVersion = "Xcode 3.2";
			developmentRegion = English;
			hasScannedForEncodings = 0;
			knownRegions = (
				en,
				Base,
			);
			mainGroup = 945D590C18C7321D0061B80F;
			productRefGroup = 945D591618C7321E0061B80F /* Products */;
			projectDirPath = "";
			projectRoot = "";
			targets = (
				945D591418C7321D0061B80F /* tonightapp */,
				945D593B18C732240061B80F /* tonightappTests */,
			);
		};
/* End PBXProject section */

/* Begin PBXResourcesBuildPhase section */
		945D591318C7321D0061B80F /* Resources */ = {
			isa = PBXResourcesBuildPhase;
			buildActionMask = 2147483647;
			files = (
				947A892818C89ACD00CA40C3 /* Search@2x.png in Resources */,
				945D592F18C732200061B80F /* Main_iPad.storyboard in Resources */,
				947A892918C89ACD00CA40C3 /* Near_Me@2x.png in Resources */,
				94B9827918C92E0600D32125 /* AppIcon72x72.png in Resources */,
				94B9827518C92E0600D32125 /* AppIcon57x57.png in Resources */,
				94B9827818C92E0600D32125 /* AppIcon60x60@2x.png in Resources */,
				94B9823718C8AED300D32125 /* Pacifico.ttf in Resources */,
				94B9827318C92E0600D32125 /* AppIcon50x50.png in Resources */,
				94B9827618C92E0600D32125 /* AppIcon57x57@2x.png in Resources */,
				94B9823D18C9232400D32125 /* feed@2x.png in Resources */,
				94B9827C18C92E0600D32125 /* AppIcon76x76@2x.png in Resources */,
				947A892B18C89CCB00CA40C3 /* 1175131_10152135066287306_734393091_n.jpg in Resources */,
				945D593718C732220061B80F /* Images.xcassets in Resources */,
				94B9827118C92E0600D32125 /* AppIcon40x40.png in Resources */,
				945D592C18C732200061B80F /* Main_iPhone.storyboard in Resources */,
				94A7DF8318D07A7F0074B831 /* 2014-03-06 16.45.44.png in Resources */,
				94B9827D18C92E0600D32125 /* iTunesArtwork.png in Resources */,
				947A892718C89ACD00CA40C3 /* Contact@2x.png in Resources */,
				94B9827218C92E0600D32125 /* AppIcon40x40@2x.png in Resources */,
				947AFDEC18C8894D006EB9E9 /* Lovelo-Black.otf in Resources */,
				94B9827018C92E0600D32125 /* AppIcon29x29@2x.png in Resources */,
				94B9827718C92E0600D32125 /* AppIcon60x60.png in Resources */,
				94B9827B18C92E0600D32125 /* AppIcon76x76.png in Resources */,
				94B9827418C92E0600D32125 /* AppIcon50x50@2x.png in Resources */,
				94B9827E18C92E0600D32125 /* iTunesArtwork@2x.png in Resources */,
				94B9827A18C92E0600D32125 /* AppIcon72x72@2x.png in Resources */,
				940D5E94191B8EC100D543E9 /* Map_Path@2x.png in Resources */,
				945D592318C732200061B80F /* InfoPlist.strings in Resources */,
				94B9826F18C92E0600D32125 /* AppIcon29x29.png in Resources */,
				947A892618C89ACD00CA40C3 /* Signpost@2x.png in Resources */,
			);
			runOnlyForDeploymentPostprocessing = 0;
		};
		945D593A18C732240061B80F /* Resources */ = {
			isa = PBXResourcesBuildPhase;
			buildActionMask = 2147483647;
			files = (
				945D594818C732240061B80F /* InfoPlist.strings in Resources */,
			);
			runOnlyForDeploymentPostprocessing = 0;
		};
/* End PBXResourcesBuildPhase section */

/* Begin PBXShellScriptBuildPhase section */
		15A818F20DD34D35BFF4F196 /* Check Pods Manifest.lock */ = {
			isa = PBXShellScriptBuildPhase;
			buildActionMask = 2147483647;
			files = (
			);
			inputPaths = (
			);
			name = "Check Pods Manifest.lock";
			outputPaths = (
			);
			runOnlyForDeploymentPostprocessing = 0;
			shellPath = /bin/sh;
			shellScript = "diff \"${PODS_ROOT}/../Podfile.lock\" \"${PODS_ROOT}/Manifest.lock\" > /dev/null\nif [[ $? != 0 ]] ; then\n    cat << EOM\nerror: The sandbox is not in sync with the Podfile.lock. Run 'pod install' or update your CocoaPods installation.\nEOM\n    exit 1\nfi\n";
			showEnvVarsInLog = 0;
		};
		945D14E818CF8D4D0069C416 /* ShellScript */ = {
			isa = PBXShellScriptBuildPhase;
			buildActionMask = 2147483647;
			files = (
			);
			inputPaths = (
			);
			outputPaths = (
			);
			runOnlyForDeploymentPostprocessing = 0;
			shellPath = /bin/sh;
			shellScript = "./Crashlytics.framework/run 435cf48aecbd9c923549ac0057b69e7405f900b5 d372c21acb5861ec618a5de4b50c4a992d1e21088810f75fef30a5e7ab1622c5";
		};
		B6FE34A2C34243C2B8DD3AF9 /* Copy Pods Resources */ = {
			isa = PBXShellScriptBuildPhase;
			buildActionMask = 2147483647;
			files = (
			);
			inputPaths = (
			);
			name = "Copy Pods Resources";
			outputPaths = (
			);
			runOnlyForDeploymentPostprocessing = 0;
			shellPath = /bin/sh;
			shellScript = "\"${SRCROOT}/Pods/Pods-resources.sh\"\n";
			showEnvVarsInLog = 0;
		};
/* End PBXShellScriptBuildPhase section */

/* Begin PBXSourcesBuildPhase section */
		945D591118C7321D0061B80F /* Sources */ = {
			isa = PBXSourcesBuildPhase;
			buildActionMask = 2147483647;
			files = (
				941556C618EA219D00716B45 /* User.m in Sources */,
				9405EDBB18C7A4CF0031CA28 /* IndivEventViewController.m in Sources */,
				9405EDB818C799FF0031CA28 /* DiscoverTableViewController.m in Sources */,
				945D592918C732200061B80F /* AppDelegate.m in Sources */,
				941556C118E9B48F00716B45 /* Venue.m in Sources */,
				94B9823418C8A56000D32125 /* IndivVenueViewController.m in Sources */,
				94A8C13F18D7323800472121 /* CatVenueViewController.m in Sources */,
				945D592518C732200061B80F /* main.m in Sources */,
				94A8C14218D8C99100472121 /* EventFeedTableViewController.m in Sources */,
				94B9823B18C8D04600D32125 /* RegisterViewController.m in Sources */,
				9405EDBE18C7C6200031CA28 /* Event.m in Sources */,
				9405EDB218C799A10031CA28 /* MyProfileViewController.m in Sources */,
				9441A2BB18D9B9EE0023B124 /* EventFeedTableViewCell.m in Sources */,
				94F5024618C7474D00B7B344 /* LoginViewController.m in Sources */,
			);
			runOnlyForDeploymentPostprocessing = 0;
		};
		945D593818C732240061B80F /* Sources */ = {
			isa = PBXSourcesBuildPhase;
			buildActionMask = 2147483647;
			files = (
				94A8C14318D8C99100472121 /* EventFeedTableViewController.m in Sources */,
				945D595818C7354F0061B80F /* TestLoginViewController.m in Sources */,
				9441A2BC18D9B9EE0023B124 /* EventFeedTableViewCell.m in Sources */,
			);
			runOnlyForDeploymentPostprocessing = 0;
		};
/* End PBXSourcesBuildPhase section */

/* Begin PBXTargetDependency section */
		945D594218C732240061B80F /* PBXTargetDependency */ = {
			isa = PBXTargetDependency;
			target = 945D591418C7321D0061B80F /* tonightapp */;
			targetProxy = 945D594118C732240061B80F /* PBXContainerItemProxy */;
		};
/* End PBXTargetDependency section */

/* Begin PBXVariantGroup section */
		945D592118C732200061B80F /* InfoPlist.strings */ = {
			isa = PBXVariantGroup;
			children = (
				945D592218C732200061B80F /* en */,
			);
			name = InfoPlist.strings;
			sourceTree = "<group>";
		};
		945D592A18C732200061B80F /* Main_iPhone.storyboard */ = {
			isa = PBXVariantGroup;
			children = (
				945D592B18C732200061B80F /* Base */,
			);
			name = Main_iPhone.storyboard;
			sourceTree = "<group>";
		};
		945D592D18C732200061B80F /* Main_iPad.storyboard */ = {
			isa = PBXVariantGroup;
			children = (
				945D592E18C732200061B80F /* Base */,
			);
			name = Main_iPad.storyboard;
			sourceTree = "<group>";
		};
		945D594618C732240061B80F /* InfoPlist.strings */ = {
			isa = PBXVariantGroup;
			children = (
				945D594718C732240061B80F /* en */,
			);
			name = InfoPlist.strings;
			sourceTree = "<group>";
		};
/* End PBXVariantGroup section */

/* Begin XCBuildConfiguration section */
		945D594B18C732240061B80F /* Debug */ = {
			isa = XCBuildConfiguration;
			buildSettings = {
				ALWAYS_SEARCH_USER_PATHS = NO;
				ARCHS = "$(ARCHS_STANDARD_32_BIT)";
				CLANG_CXX_LANGUAGE_STANDARD = "gnu++0x";
				CLANG_CXX_LIBRARY = "libc++";
				CLANG_ENABLE_MODULES = YES;
				CLANG_ENABLE_OBJC_ARC = YES;
				CLANG_WARN_BOOL_CONVERSION = YES;
				CLANG_WARN_CONSTANT_CONVERSION = YES;
				CLANG_WARN_DIRECT_OBJC_ISA_USAGE = YES_ERROR;
				CLANG_WARN_EMPTY_BODY = YES;
				CLANG_WARN_ENUM_CONVERSION = YES;
				CLANG_WARN_INT_CONVERSION = YES;
				CLANG_WARN_OBJC_ROOT_CLASS = YES_ERROR;
				CLANG_WARN__DUPLICATE_METHOD_MATCH = YES;
				"CODE_SIGN_IDENTITY[sdk=iphoneos*]" = "iPhone Developer";
				COPY_PHASE_STRIP = NO;
				GCC_C_LANGUAGE_STANDARD = gnu99;
				GCC_DYNAMIC_NO_PIC = NO;
				GCC_OPTIMIZATION_LEVEL = 0;
				GCC_PREPROCESSOR_DEFINITIONS = (
					"DEBUG=1",
					"$(inherited)",
				);
				GCC_SYMBOLS_PRIVATE_EXTERN = NO;
				GCC_WARN_64_TO_32_BIT_CONVERSION = YES;
				GCC_WARN_ABOUT_RETURN_TYPE = YES_ERROR;
				GCC_WARN_UNDECLARED_SELECTOR = YES;
				GCC_WARN_UNINITIALIZED_AUTOS = YES;
				GCC_WARN_UNUSED_FUNCTION = YES;
				GCC_WARN_UNUSED_VARIABLE = YES;
				IPHONEOS_DEPLOYMENT_TARGET = 7.0;
				ONLY_ACTIVE_ARCH = YES;
				SDKROOT = iphoneos;
				TARGETED_DEVICE_FAMILY = "1,2";
			};
			name = Debug;
		};
		945D594C18C732240061B80F /* Release */ = {
			isa = XCBuildConfiguration;
			buildSettings = {
				ALWAYS_SEARCH_USER_PATHS = NO;
				ARCHS = "$(ARCHS_STANDARD_32_BIT)";
				CLANG_CXX_LANGUAGE_STANDARD = "gnu++0x";
				CLANG_CXX_LIBRARY = "libc++";
				CLANG_ENABLE_MODULES = YES;
				CLANG_ENABLE_OBJC_ARC = YES;
				CLANG_WARN_BOOL_CONVERSION = YES;
				CLANG_WARN_CONSTANT_CONVERSION = YES;
				CLANG_WARN_DIRECT_OBJC_ISA_USAGE = YES_ERROR;
				CLANG_WARN_EMPTY_BODY = YES;
				CLANG_WARN_ENUM_CONVERSION = YES;
				CLANG_WARN_INT_CONVERSION = YES;
				CLANG_WARN_OBJC_ROOT_CLASS = YES_ERROR;
				CLANG_WARN__DUPLICATE_METHOD_MATCH = YES;
				"CODE_SIGN_IDENTITY[sdk=iphoneos*]" = "iPhone Developer";
				COPY_PHASE_STRIP = YES;
				ENABLE_NS_ASSERTIONS = NO;
				GCC_C_LANGUAGE_STANDARD = gnu99;
				GCC_WARN_64_TO_32_BIT_CONVERSION = YES;
				GCC_WARN_ABOUT_RETURN_TYPE = YES_ERROR;
				GCC_WARN_UNDECLARED_SELECTOR = YES;
				GCC_WARN_UNINITIALIZED_AUTOS = YES;
				GCC_WARN_UNUSED_FUNCTION = YES;
				GCC_WARN_UNUSED_VARIABLE = YES;
				IPHONEOS_DEPLOYMENT_TARGET = 7.0;
				SDKROOT = iphoneos;
				TARGETED_DEVICE_FAMILY = "1,2";
				VALIDATE_PRODUCT = YES;
			};
			name = Release;
		};
		945D594E18C732240061B80F /* Debug */ = {
			isa = XCBuildConfiguration;
			baseConfigurationReference = 91D37EE54EAF4D3A9C7DCED3 /* Pods.xcconfig */;
			buildSettings = {
				ASSETCATALOG_COMPILER_APPICON_NAME = "AppIcon-2";
				ASSETCATALOG_COMPILER_LAUNCHIMAGE_NAME = LaunchImage;
				CODE_SIGN_ENTITLEMENTS = tonightapp/tonightapp.entitlements;
				FRAMEWORK_SEARCH_PATHS = (
					"$(inherited)",
					"$(PROJECT_DIR)",
				);
				GCC_PRECOMPILE_PREFIX_HEADER = YES;
				GCC_PREFIX_HEADER = "tonightapp/tonightapp-Prefix.pch";
				INFOPLIST_FILE = "tonightapp/tonightapp-Info.plist";
				IPHONEOS_DEPLOYMENT_TARGET = 7.1;
				PRODUCT_NAME = "$(TARGET_NAME)";
				TARGETED_DEVICE_FAMILY = 1;
				WRAPPER_EXTENSION = app;
			};
			name = Debug;
		};
		945D594F18C732240061B80F /* Release */ = {
			isa = XCBuildConfiguration;
			baseConfigurationReference = 91D37EE54EAF4D3A9C7DCED3 /* Pods.xcconfig */;
			buildSettings = {
				ASSETCATALOG_COMPILER_APPICON_NAME = "AppIcon-2";
				ASSETCATALOG_COMPILER_LAUNCHIMAGE_NAME = LaunchImage;
				CODE_SIGN_ENTITLEMENTS = tonightapp/tonightapp.entitlements;
				FRAMEWORK_SEARCH_PATHS = (
					"$(inherited)",
					"$(PROJECT_DIR)",
				);
				GCC_PRECOMPILE_PREFIX_HEADER = YES;
				GCC_PREFIX_HEADER = "tonightapp/tonightapp-Prefix.pch";
				INFOPLIST_FILE = "tonightapp/tonightapp-Info.plist";
				IPHONEOS_DEPLOYMENT_TARGET = 7.1;
				PRODUCT_NAME = "$(TARGET_NAME)";
				TARGETED_DEVICE_FAMILY = 1;
				WRAPPER_EXTENSION = app;
			};
			name = Release;
		};
		945D595118C732240061B80F /* Debug */ = {
			isa = XCBuildConfiguration;
			buildSettings = {
				ARCHS = "$(ARCHS_STANDARD_INCLUDING_64_BIT)";
				BUNDLE_LOADER = "$(BUILT_PRODUCTS_DIR)/tonightapp.app/tonightapp";
				FRAMEWORK_SEARCH_PATHS = (
					"$(SDKROOT)/Developer/Library/Frameworks",
					"$(inherited)",
					"$(DEVELOPER_FRAMEWORKS_DIR)",
				);
				GCC_PRECOMPILE_PREFIX_HEADER = YES;
				GCC_PREFIX_HEADER = "tonightapp/tonightapp-Prefix.pch";
				GCC_PREPROCESSOR_DEFINITIONS = (
					"DEBUG=1",
					"$(inherited)",
				);
				INFOPLIST_FILE = "tonightappTests/tonightappTests-Info.plist";
				PRODUCT_NAME = "$(TARGET_NAME)";
				TEST_HOST = "$(BUNDLE_LOADER)";
				WRAPPER_EXTENSION = xctest;
			};
			name = Debug;
		};
		945D595218C732240061B80F /* Release */ = {
			isa = XCBuildConfiguration;
			buildSettings = {
				ARCHS = "$(ARCHS_STANDARD_INCLUDING_64_BIT)";
				BUNDLE_LOADER = "$(BUILT_PRODUCTS_DIR)/tonightapp.app/tonightapp";
				FRAMEWORK_SEARCH_PATHS = (
					"$(SDKROOT)/Developer/Library/Frameworks",
					"$(inherited)",
					"$(DEVELOPER_FRAMEWORKS_DIR)",
				);
				GCC_PRECOMPILE_PREFIX_HEADER = YES;
				GCC_PREFIX_HEADER = "tonightapp/tonightapp-Prefix.pch";
				INFOPLIST_FILE = "tonightappTests/tonightappTests-Info.plist";
				PRODUCT_NAME = "$(TARGET_NAME)";
				TEST_HOST = "$(BUNDLE_LOADER)";
				WRAPPER_EXTENSION = xctest;
			};
			name = Release;
		};
/* End XCBuildConfiguration section */

/* Begin XCConfigurationList section */
		945D591018C7321D0061B80F /* Build configuration list for PBXProject "tonightapp" */ = {
			isa = XCConfigurationList;
			buildConfigurations = (
				945D594B18C732240061B80F /* Debug */,
				945D594C18C732240061B80F /* Release */,
			);
			defaultConfigurationIsVisible = 0;
			defaultConfigurationName = Release;
		};
		945D594D18C732240061B80F /* Build configuration list for PBXNativeTarget "tonightapp" */ = {
			isa = XCConfigurationList;
			buildConfigurations = (
				945D594E18C732240061B80F /* Debug */,
				945D594F18C732240061B80F /* Release */,
			);
			defaultConfigurationIsVisible = 0;
			defaultConfigurationName = Release;
		};
		945D595018C732240061B80F /* Build configuration list for PBXNativeTarget "tonightappTests" */ = {
			isa = XCConfigurationList;
			buildConfigurations = (
				945D595118C732240061B80F /* Debug */,
				945D595218C732240061B80F /* Release */,
			);
			defaultConfigurationIsVisible = 0;
			defaultConfigurationName = Release;
		};
/* End XCConfigurationList section */
	};
	rootObject = 945D590D18C7321D0061B80F /* Project object */;
}
